
Microsoft Visual Studio Solution File, Format Version 12.00
# Visual Studio Version 17
VisualStudioVersion = 17.5.33516.290
MinimumVisualStudioVersion = 10.0.40219.1
Project("{FAE04EC0-301F-11D3-BF4B-00C04F79EFBC}") = "ConsoleApp14", "ConsoleApp14\ConsoleApp14.csproj", "{62C0C0B5-F729-43B9-B4A5-FD2DA2A2EBDD}"
EndProject
Global
	GlobalSection(SolutionConfigurationPlatforms) = preSolution
		Debug|Any CPU = Debug|Any CPU
		Release|Any CPU = Release|Any CPU
	EndGlobalSection
	GlobalSection(ProjectConfigurationPlatforms) = postSolution
		{62C0C0B5-F729-43B9-B4A5-FD2DA2A2EBDD}.Debug|Any CPU.ActiveCfg = Debug|Any CPU
		{62C0C0B5-F729-43B9-B4A5-FD2DA2A2EBDD}.Debug|Any CPU.Build.0 = Debug|Any CPU
		{62C0C0B5-F729-43B9-B4A5-FD2DA2A2EBDD}.Release|Any CPU.ActiveCfg = Release|Any CPU
		{62C0C0B5-F729-43B9-B4A5-FD2DA2A2EBDD}.Release|Any CPU.Build.0 = Release|Any CPU
	EndGlobalSection
	GlobalSection(SolutionProperties) = preSolution
		HideSolutionNode = FALSE
	EndGlobalSection
	GlobalSection(ExtensibilityGlobals) = postSolution
		SolutionGuid = {3DF4DFC4-B5F2-416D-B9B6-17F4C50C3245}
	EndGlobalSection
EndGlobal
